
Microsoft Visual Studio Solution File, Format Version 12.00
# Visual Studio Version 17
VisualStudioVersion = 17.0.32126.317
MinimumVisualStudioVersion = 10.0.40219.1
Project("{9A19103F-16F7-4668-BE54-9A1E7A4F7556}") = "Solidus.CashApp", "Solidus.CashApp\Solidus.CashApp.csproj", "{839F846B-162C-4AE0-87C6-7763F055AEB2}"
EndProject
Project("{9A19103F-16F7-4668-BE54-9A1E7A4F7556}") = "Solidus.CashApp.ExportConverter", "Solidus.CashApp.ExportConverter\Solidus.CashApp.ExportConverter.csproj", "{A07F9594-5BC5-45E7-BD27-D910DAF3A851}"
EndProject
Global
	GlobalSection(SolutionConfigurationPlatforms) = preSolution
		Debug|Any CPU = Debug|Any CPU
		Release|Any CPU = Release|Any CPU
	EndGlobalSection
	GlobalSection(ProjectConfigurationPlatforms) = postSolution
		{839F846B-162C-4AE0-87C6-7763F055AEB2}.Debug|Any CPU.ActiveCfg = Debug|Any CPU
		{839F846B-162C-4AE0-87C6-7763F055AEB2}.Debug|Any CPU.Build.0 = Debug|Any CPU
		{839F846B-162C-4AE0-87C6-7763F055AEB2}.Release|Any CPU.ActiveCfg = Release|Any CPU
		{839F846B-162C-4AE0-87C6-7763F055AEB2}.Release|Any CPU.Build.0 = Release|Any CPU
		{A07F9594-5BC5-45E7-BD27-D910DAF3A851}.Debug|Any CPU.ActiveCfg = Debug|Any CPU
		{A07F9594-5BC5-45E7-BD27-D910DAF3A851}.Debug|Any CPU.Build.0 = Debug|Any CPU
		{A07F9594-5BC5-45E7-BD27-D910DAF3A851}.Release|Any CPU.ActiveCfg = Release|Any CPU
		{A07F9594-5BC5-45E7-BD27-D910DAF3A851}.Release|Any CPU.Build.0 = Release|Any CPU
	EndGlobalSection
	GlobalSection(SolutionProperties) = preSolution
		HideSolutionNode = FALSE
	EndGlobalSection
	GlobalSection(ExtensibilityGlobals) = postSolution
		SolutionGuid = {CB9216A3-81BB-47F1-8D4A-1C8022C59814}
	EndGlobalSection
EndGlobal
